{
  "name": "arrwallpapers",
  "lockfileVersion": 3,
  "requires": true,
  "packages": {
    "": {
      "dependencies": {
        "@alan-ai/alan-sdk-web": "^1.8.54"
      }
    },
    "node_modules/@alan-ai/alan-sdk-web": {
      "version": "1.8.54",
      "resolved": "https://registry.npmjs.org/@alan-ai/alan-sdk-web/-/alan-sdk-web-1.8.54.tgz",
      "integrity": "sha512-dcZBXMHkY8BBBO1xaZVdzkPhIh6bastvWjT6LrJrzDIoB7XwegxGtEonqBW0je6o7WBoGipNzEoiQi6F2r/+7w=="
    }
  }
}
